// !$*UTF8*$!
{
	archiveVersion = 1;
	classes = {
	};
	objectVersion = 55;
	objects = {

/* Begin PBXBuildFile section */
		01213E752D4B16DA00BA8C8E /* Tests_iOS.swift in Sources */ = {isa = PBXBuildFile; fileRef = 01213E742D4B16DA00BA8C8E /* Tests_iOS.swift */; };
		01213E772D4B16DA00BA8C8E /* Tests_iOSLaunchTests.swift in Sources */ = {isa = PBXBuildFile; fileRef = 01213E762D4B16DA00BA8C8E /* Tests_iOSLaunchTests.swift */; };
		01213E812D4B16DA00BA8C8E /* Tests_macOS.swift in Sources */ = {isa = PBXBuildFile; fileRef = 01213E802D4B16DA00BA8C8E /* Tests_macOS.swift */; };
		01213E832D4B16DA00BA8C8E /* Tests_macOSLaunchTests.swift in Sources */ = {isa = PBXBuildFile; fileRef = 01213E822D4B16DA00BA8C8E /* Tests_macOSLaunchTests.swift */; };
		01213E842D4B16DA00BA8C8E /* lasallesnacks.xcdatamodeld in Sources */ = {isa = PBXBuildFile; fileRef = 01213E592D4B16D800BA8C8E /* lasallesnacks.xcdatamodeld */; };
		01213E852D4B16DA00BA8C8E /* lasallesnacks.xcdatamodeld in Sources */ = {isa = PBXBuildFile; fileRef = 01213E592D4B16D800BA8C8E /* lasallesnacks.xcdatamodeld */; };
		01213E8C2D4B16DA00BA8C8E /* Assets.xcassets in Resources */ = {isa = PBXBuildFile; fileRef = 01213E5E2D4B16DA00BA8C8E /* Assets.xcassets */; };
		01213E8D2D4B16DA00BA8C8E /* Assets.xcassets in Resources */ = {isa = PBXBuildFile; fileRef = 01213E5E2D4B16DA00BA8C8E /* Assets.xcassets */; };
		01F0CC352D4BA92600878D08 /* TestView.swift in Sources */ = {isa = PBXBuildFile; fileRef = 01F0CC342D4BA92600878D08 /* TestView.swift */; };
		01F0CC372D4BA9A200878D08 /* lasallesnacks.swift in Sources */ = {isa = PBXBuildFile; fileRef = 01F0CC362D4BA9A200878D08 /* lasallesnacks.swift */; };
/* End PBXBuildFile section */

/* Begin PBXContainerItemProxy section */
		01213E712D4B16DA00BA8C8E /* PBXContainerItemProxy */ = {
			isa = PBXContainerItemProxy;
			containerPortal = 01213E542D4B16D800BA8C8E /* Project object */;
			proxyType = 1;
			remoteGlobalIDString = 01213E622D4B16DA00BA8C8E;
			remoteInfo = "lasallesnacks (iOS)";
		};
		01213E7D2D4B16DA00BA8C8E /* PBXContainerItemProxy */ = {
			isa = PBXContainerItemProxy;
			containerPortal = 01213E542D4B16D800BA8C8E /* Project object */;
			proxyType = 1;
			remoteGlobalIDString = 01213E682D4B16DA00BA8C8E;
			remoteInfo = "lasallesnacks (macOS)";
		};
/* End PBXContainerItemProxy section */

/* Begin PBXFileReference section */
		01213E5A2D4B16D800BA8C8E /* Shared.xcdatamodel */ = {isa = PBXFileReference; lastKnownFileType = wrapper.xcdatamodel; path = Shared.xcdatamodel; sourceTree = "<group>"; };
		01213E5E2D4B16DA00BA8C8E /* Assets.xcassets */ = {isa = PBXFileReference; lastKnownFileType = folder.assetcatalog; path = Assets.xcassets; sourceTree = "<group>"; };
		01213E632D4B16DA00BA8C8E /* lasallesnacks.app */ = {isa = PBXFileReference; explicitFileType = wrapper.application; includeInIndex = 0; path = lasallesnacks.app; sourceTree = BUILT_PRODUCTS_DIR; };
		01213E692D4B16DA00BA8C8E /* lasallesnacks.app */ = {isa = PBXFileReference; explicitFileType = wrapper.application; includeInIndex = 0; path = lasallesnacks.app; sourceTree = BUILT_PRODUCTS_DIR; };
		01213E6B2D4B16DA00BA8C8E /* macOS.entitlements */ = {isa = PBXFileReference; lastKnownFileType = text.plist.entitlements; path = macOS.entitlements; sourceTree = "<group>"; };
		01213E702D4B16DA00BA8C8E /* Tests iOS.xctest */ = {isa = PBXFileReference; explicitFileType = wrapper.cfbundle; includeInIndex = 0; path = "Tests iOS.xctest"; sourceTree = BUILT_PRODUCTS_DIR; };
		01213E742D4B16DA00BA8C8E /* Tests_iOS.swift */ = {isa = PBXFileReference; lastKnownFileType = sourcecode.swift; path = Tests_iOS.swift; sourceTree = "<group>"; };
		01213E762D4B16DA00BA8C8E /* Tests_iOSLaunchTests.swift */ = {isa = PBXFileReference; lastKnownFileType = sourcecode.swift; path = Tests_iOSLaunchTests.swift; sourceTree = "<group>"; };
		01213E7C2D4B16DA00BA8C8E /* Tests macOS.xctest */ = {isa = PBXFileReference; explicitFileType = wrapper.cfbundle; includeInIndex = 0; path = "Tests macOS.xctest"; sourceTree = BUILT_PRODUCTS_DIR; };
		01213E802D4B16DA00BA8C8E /* Tests_macOS.swift */ = {isa = PBXFileReference; lastKnownFileType = sourcecode.swift; path = Tests_macOS.swift; sourceTree = "<group>"; };
		01213E822D4B16DA00BA8C8E /* Tests_macOSLaunchTests.swift */ = {isa = PBXFileReference; lastKnownFileType = sourcecode.swift; path = Tests_macOSLaunchTests.swift; sourceTree = "<group>"; };
		01213E9E2D4B1CA400BA8C8E /* lasallesnacks (iOS)-Bridging-Header.h */ = {isa = PBXFileReference; lastKnownFileType = sourcecode.c.h; path = "lasallesnacks (iOS)-Bridging-Header.h"; sourceTree = "<group>"; };
		01F0CC342D4BA92600878D08 /* TestView.swift */ = {isa = PBXFileReference; lastKnownFileType = sourcecode.swift; path = TestView.swift; sourceTree = "<group>"; };
		01F0CC362D4BA9A200878D08 /* lasallesnacks.swift */ = {isa = PBXFileReference; lastKnownFileType = sourcecode.swift; path = lasallesnacks.swift; sourceTree = "<group>"; };
/* End PBXFileReference section */

/* Begin PBXFrameworksBuildPhase section */
		01213E602D4B16DA00BA8C8E /* Frameworks */ = {
			isa = PBXFrameworksBuildPhase;
			buildActionMask = 2147483647;
			files = (
			);
			runOnlyForDeploymentPostprocessing = 0;
		};
		01213E662D4B16DA00BA8C8E /* Frameworks */ = {
			isa = PBXFrameworksBuildPhase;
			buildActionMask = 2147483647;
			files = (
			);
			runOnlyForDeploymentPostprocessing = 0;
		};
		01213E6D2D4B16DA00BA8C8E /* Frameworks */ = {
			isa = PBXFrameworksBuildPhase;
			buildActionMask = 2147483647;
			files = (
			);
			runOnlyForDeploymentPostprocessing = 0;
		};
		01213E792D4B16DA00BA8C8E /* Frameworks */ = {
			isa = PBXFrameworksBuildPhase;
			buildActionMask = 2147483647;
			files = (
			);
			runOnlyForDeploymentPostprocessing = 0;
		};
/* End PBXFrameworksBuildPhase section */

/* Begin PBXGroup section */
		01213E532D4B16D800BA8C8E = {
			isa = PBXGroup;
			children = (
				01213E582D4B16D800BA8C8E /* Shared */,
				01213E6A2D4B16DA00BA8C8E /* macOS */,
				01213E732D4B16DA00BA8C8E /* Tests iOS */,
				01213E7F2D4B16DA00BA8C8E /* Tests macOS */,
				01213E642D4B16DA00BA8C8E /* Products */,
			);
			sourceTree = "<group>";
		};
		01213E582D4B16D800BA8C8E /* Shared */ = {
			isa = PBXGroup;
			children = (
				01213E5E2D4B16DA00BA8C8E /* Assets.xcassets */,
				01213E592D4B16D800BA8C8E /* lasallesnacks.xcdatamodeld */,
				01213E9E2D4B1CA400BA8C8E /* lasallesnacks (iOS)-Bridging-Header.h */,
				01F0CC342D4BA92600878D08 /* TestView.swift */,
				01F0CC362D4BA9A200878D08 /* lasallesnacks.swift */,
			);
			path = Shared;
			sourceTree = "<group>";
		};
		01213E642D4B16DA00BA8C8E /* Products */ = {
			isa = PBXGroup;
			children = (
				01213E632D4B16DA00BA8C8E /* lasallesnacks.app */,
				01213E692D4B16DA00BA8C8E /* lasallesnacks.app */,
				01213E702D4B16DA00BA8C8E /* Tests iOS.xctest */,
				01213E7C2D4B16DA00BA8C8E /* Tests macOS.xctest */,
			);
			name = Products;
			sourceTree = "<group>";
		};
		01213E6A2D4B16DA00BA8C8E /* macOS */ = {
			isa = PBXGroup;
			children = (
				01213E6B2D4B16DA00BA8C8E /* macOS.entitlements */,
			);
			path = macOS;
			sourceTree = "<group>";
		};
		01213E732D4B16DA00BA8C8E /* Tests iOS */ = {
			isa = PBXGroup;
			children = (
				01213E742D4B16DA00BA8C8E /* Tests_iOS.swift */,
				01213E762D4B16DA00BA8C8E /* Tests_iOSLaunchTests.swift */,
			);
			path = "Tests iOS";
			sourceTree = "<group>";
		};
		01213E7F2D4B16DA00BA8C8E /* Tests macOS */ = {
			isa = PBXGroup;
			children = (
				01213E802D4B16DA00BA8C8E /* Tests_macOS.swift */,
				01213E822D4B16DA00BA8C8E /* Tests_macOSLaunchTests.swift */,
			);
			path = "Tests macOS";
			sourceTree = "<group>";
		};
/* End PBXGroup section */

/* Begin PBXNativeTarget section */
		01213E622D4B16DA00BA8C8E /* lasallesnacks (iOS) */ = {
			isa = PBXNativeTarget;
			buildConfigurationList = 01213E902D4B16DA00BA8C8E /* Build configuration list for PBXNativeTarget "lasallesnacks (iOS)" */;
			buildPhases = (
				01213E5F2D4B16DA00BA8C8E /* Sources */,
				01213E602D4B16DA00BA8C8E /* Frameworks */,
				01213E612D4B16DA00BA8C8E /* Resources */,
			);
			buildRules = (
			);
			dependencies = (
			);
			name = "lasallesnacks (iOS)";
			productName = "lasallesnacks (iOS)";
			productReference = 01213E632D4B16DA00BA8C8E /* lasallesnacks.app */;
			productType = "com.apple.product-type.application";
		};
		01213E682D4B16DA00BA8C8E /* lasallesnacks (macOS) */ = {
			isa = PBXNativeTarget;
			buildConfigurationList = 01213E932D4B16DA00BA8C8E /* Build configuration list for PBXNativeTarget "lasallesnacks (macOS)" */;
			buildPhases = (
				01213E652D4B16DA00BA8C8E /* Sources */,
				01213E662D4B16DA00BA8C8E /* Frameworks */,
				01213E672D4B16DA00BA8C8E /* Resources */,
			);
			buildRules = (
			);
			dependencies = (
			);
			name = "lasallesnacks (macOS)";
			productName = "lasallesnacks (macOS)";
			productReference = 01213E692D4B16DA00BA8C8E /* lasallesnacks.app */;
			productType = "com.apple.product-type.application";
		};
		01213E6F2D4B16DA00BA8C8E /* Tests iOS */ = {
			isa = PBXNativeTarget;
			buildConfigurationList = 01213E962D4B16DA00BA8C8E /* Build configuration list for PBXNativeTarget "Tests iOS" */;
			buildPhases = (
				01213E6C2D4B16DA00BA8C8E /* Sources */,
				01213E6D2D4B16DA00BA8C8E /* Frameworks */,
				01213E6E2D4B16DA00BA8C8E /* Resources */,
			);
			buildRules = (
			);
			dependencies = (
				01213E722D4B16DA00BA8C8E /* PBXTargetDependency */,
			);
			name = "Tests iOS";
			productName = "Tests iOS";
			productReference = 01213E702D4B16DA00BA8C8E /* Tests iOS.xctest */;
			productType = "com.apple.product-type.bundle.ui-testing";
		};
		01213E7B2D4B16DA00BA8C8E /* Tests macOS */ = {
			isa = PBXNativeTarget;
			buildConfigurationList = 01213E992D4B16DA00BA8C8E /* Build configuration list for PBXNativeTarget "Tests macOS" */;
			buildPhases = (
				01213E782D4B16DA00BA8C8E /* Sources */,
				01213E792D4B16DA00BA8C8E /* Frameworks */,
				01213E7A2D4B16DA00BA8C8E /* Resources */,
			);
			buildRules = (
			);
			dependencies = (
				01213E7E2D4B16DA00BA8C8E /* PBXTargetDependency */,
			);
			name = "Tests macOS";
			productName = "Tests macOS";
			productReference = 01213E7C2D4B16DA00BA8C8E /* Tests macOS.xctest */;
			productType = "com.apple.product-type.bundle.ui-testing";
		};
/* End PBXNativeTarget section */

/* Begin PBXProject section */
		01213E542D4B16D800BA8C8E /* Project object */ = {
			isa = PBXProject;
			attributes = {
				BuildIndependentTargetsInParallel = 1;
				LastSwiftUpdateCheck = 1340;
				LastUpgradeCheck = 1340;
				TargetAttributes = {
					01213E622D4B16DA00BA8C8E = {
						CreatedOnToolsVersion = 13.4.1;
						LastSwiftMigration = 1340;
					};
					01213E682D4B16DA00BA8C8E = {
						CreatedOnToolsVersion = 13.4.1;
					};
					01213E6F2D4B16DA00BA8C8E = {
						CreatedOnToolsVersion = 13.4.1;
						TestTargetID = 01213E622D4B16DA00BA8C8E;
					};
					01213E7B2D4B16DA00BA8C8E = {
						CreatedOnToolsVersion = 13.4.1;
						TestTargetID = 01213E682D4B16DA00BA8C8E;
					};
				};
			};
			buildConfigurationList = 01213E572D4B16D800BA8C8E /* Build configuration list for PBXProject "lasallesnacks" */;
			compatibilityVersion = "Xcode 13.0";
			developmentRegion = en;
			hasScannedForEncodings = 0;
			knownRegions = (
				en,
				Base,
			);
			mainGroup = 01213E532D4B16D800BA8C8E;
			productRefGroup = 01213E642D4B16DA00BA8C8E /* Products */;
			projectDirPath = "";
			projectRoot = "";
			targets = (
				01213E622D4B16DA00BA8C8E /* lasallesnacks (iOS) */,
				01213E682D4B16DA00BA8C8E /* lasallesnacks (macOS) */,
				01213E6F2D4B16DA00BA8C8E /* Tests iOS */,
				01213E7B2D4B16DA00BA8C8E /* Tests macOS */,
			);
		};
/* End PBXProject section */

/* Begin PBXResourcesBuildPhase section */
		01213E612D4B16DA00BA8C8E /* Resources */ = {
			isa = PBXResourcesBuildPhase;
			buildActionMask = 2147483647;
			files = (
				01213E8C2D4B16DA00BA8C8E /* Assets.xcassets in Resources */,
			);
			runOnlyForDeploymentPostprocessing = 0;
		};
		01213E672D4B16DA00BA8C8E /* Resources */ = {
			isa = PBXResourcesBuildPhase;
			buildActionMask = 2147483647;
			files = (
				01213E8D2D4B16DA00BA8C8E /* Assets.xcassets in Resources */,
			);
			runOnlyForDeploymentPostprocessing = 0;
		};
		01213E6E2D4B16DA00BA8C8E /* Resources */ = {
			isa = PBXResourcesBuildPhase;
			buildActionMask = 2147483647;
			files = (
			);
			runOnlyForDeploymentPostprocessing = 0;
		};
		01213E7A2D4B16DA00BA8C8E /* Resources */ = {
			isa = PBXResourcesBuildPhase;
			buildActionMask = 2147483647;
			files = (
			);
			runOnlyForDeploymentPostprocessing = 0;
		};
/* End PBXResourcesBuildPhase section */

/* Begin PBXSourcesBuildPhase section */
		01213E5F2D4B16DA00BA8C8E /* Sources */ = {
			isa = PBXSourcesBuildPhase;
			buildActionMask = 2147483647;
			files = (
				01F0CC352D4BA92600878D08 /* TestView.swift in Sources */,
				01F0CC372D4BA9A200878D08 /* lasallesnacks.swift in Sources */,
				01213E842D4B16DA00BA8C8E /* lasallesnacks.xcdatamodeld in Sources */,
			);
			runOnlyForDeploymentPostprocessing = 0;
		};
		01213E652D4B16DA00BA8C8E /* Sources */ = {
			isa = PBXSourcesBuildPhase;
			buildActionMask = 2147483647;
			files = (
				01213E852D4B16DA00BA8C8E /* lasallesnacks.xcdatamodeld in Sources */,
			);
			runOnlyForDeploymentPostprocessing = 0;
		};
		01213E6C2D4B16DA00BA8C8E /* Sources */ = {
			isa = PBXSourcesBuildPhase;
			buildActionMask = 2147483647;
			files = (
				01213E772D4B16DA00BA8C8E /* Tests_iOSLaunchTests.swift in Sources */,
				01213E752D4B16DA00BA8C8E /* Tests_iOS.swift in Sources */,
			);
			runOnlyForDeploymentPostprocessing = 0;
		};
		01213E782D4B16DA00BA8C8E /* Sources */ = {
			isa = PBXSourcesBuildPhase;
			buildActionMask = 2147483647;
			files = (
				01213E832D4B16DA00BA8C8E /* Tests_macOSLaunchTests.swift in Sources */,
				01213E812D4B16DA00BA8C8E /* Tests_macOS.swift in Sources */,
			);
			runOnlyForDeploymentPostprocessing = 0;
		};
/* End PBXSourcesBuildPhase section */

/* Begin PBXTargetDependency section */
		01213E722D4B16DA00BA8C8E /* PBXTargetDependency */ = {
			isa = PBXTargetDependency;
			target = 01213E622D4B16DA00BA8C8E /* lasallesnacks (iOS) */;
			targetProxy = 01213E712D4B16DA00BA8C8E /* PBXContainerItemProxy */;
		};
		01213E7E2D4B16DA00BA8C8E /* PBXTargetDependency */ = {
			isa = PBXTargetDependency;
			target = 01213E682D4B16DA00BA8C8E /* lasallesnacks (macOS) */;
			targetProxy = 01213E7D2D4B16DA00BA8C8E /* PBXContainerItemProxy */;
		};
/* End PBXTargetDependency section */

/* Begin XCBuildConfiguration section */
		01213E8E2D4B16DA00BA8C8E /* Debug */ = {
			isa = XCBuildConfiguration;
			buildSettings = {
				ALWAYS_SEARCH_USER_PATHS = NO;
				CLANG_ANALYZER_NONNULL = YES;
				CLANG_ANALYZER_NUMBER_OBJECT_CONVERSION = YES_AGGRESSIVE;
				CLANG_CXX_LANGUAGE_STANDARD = "gnu++17";
				CLANG_ENABLE_MODULES = YES;
				CLANG_ENABLE_OBJC_ARC = YES;
				CLANG_ENABLE_OBJC_WEAK = YES;
				CLANG_WARN_BLOCK_CAPTURE_AUTORELEASING = YES;
				CLANG_WARN_BOOL_CONVERSION = YES;
				CLANG_WARN_COMMA = YES;
				CLANG_WARN_CONSTANT_CONVERSION = YES;
				CLANG_WARN_DEPRECATED_OBJC_IMPLEMENTATIONS = YES;
				CLANG_WARN_DIRECT_OBJC_ISA_USAGE = YES_ERROR;
				CLANG_WARN_DOCUMENTATION_COMMENTS = YES;
				CLANG_WARN_EMPTY_BODY = YES;
				CLANG_WARN_ENUM_CONVERSION = YES;
				CLANG_WARN_INFINITE_RECURSION = YES;
				CLANG_WARN_INT_CONVERSION = YES;
				CLANG_WARN_NON_LITERAL_NULL_CONVERSION = YES;
				CLANG_WARN_OBJC_IMPLICIT_RETAIN_SELF = YES;
				CLANG_WARN_OBJC_LITERAL_CONVERSION = YES;
				CLANG_WARN_OBJC_ROOT_CLASS = YES_ERROR;
				CLANG_WARN_QUOTED_INCLUDE_IN_FRAMEWORK_HEADER = YES;
				CLANG_WARN_RANGE_LOOP_ANALYSIS = YES;
				CLANG_WARN_STRICT_PROTOTYPES = YES;
				CLANG_WARN_SUSPICIOUS_MOVE = YES;
				CLANG_WARN_UNGUARDED_AVAILABILITY = YES_AGGRESSIVE;
				CLANG_WARN_UNREACHABLE_CODE = YES;
				CLANG_WARN__DUPLICATE_METHOD_MATCH = YES;
				COPY_PHASE_STRIP = NO;
				DEBUG_INFORMATION_FORMAT = dwarf;
				ENABLE_STRICT_OBJC_MSGSEND = YES;
				ENABLE_TESTABILITY = YES;
				GCC_C_LANGUAGE_STANDARD = gnu11;
				GCC_DYNAMIC_NO_PIC = NO;
				GCC_NO_COMMON_BLOCKS = YES;
				GCC_OPTIMIZATION_LEVEL = 0;
				GCC_PREPROCESSOR_DEFINITIONS = (
					"DEBUG=1",
					"$(inherited)",
				);
				GCC_WARN_64_TO_32_BIT_CONVERSION = YES;
				GCC_WARN_ABOUT_RETURN_TYPE = YES_ERROR;
				GCC_WARN_UNDECLARED_SELECTOR = YES;
				GCC_WARN_UNINITIALIZED_AUTOS = YES_AGGRESSIVE;
				GCC_WARN_UNUSED_FUNCTION = YES;
				GCC_WARN_UNUSED_VARIABLE = YES;
				MTL_ENABLE_DEBUG_INFO = INCLUDE_SOURCE;
				MTL_FAST_MATH = YES;
				ONLY_ACTIVE_ARCH = YES;
				SWIFT_ACTIVE_COMPILATION_CONDITIONS = DEBUG;
				SWIFT_OPTIMIZATION_LEVEL = "-Onone";
			};
			name = Debug;
		};
		01213E8F2D4B16DA00BA8C8E /* Release */ = {
			isa = XCBuildConfiguration;
			buildSettings = {
				ALWAYS_SEARCH_USER_PATHS = NO;
				CLANG_ANALYZER_NONNULL = YES;
				CLANG_ANALYZER_NUMBER_OBJECT_CONVERSION = YES_AGGRESSIVE;
				CLANG_CXX_LANGUAGE_STANDARD = "gnu++17";
				CLANG_ENABLE_MODULES = YES;
				CLANG_ENABLE_OBJC_ARC = YES;
				CLANG_ENABLE_OBJC_WEAK = YES;
				CLANG_WARN_BLOCK_CAPTURE_AUTORELEASING = YES;
				CLANG_WARN_BOOL_CONVERSION = YES;
				CLANG_WARN_COMMA = YES;
				CLANG_WARN_CONSTANT_CONVERSION = YES;
				CLANG_WARN_DEPRECATED_OBJC_IMPLEMENTATIONS = YES;
				CLANG_WARN_DIRECT_OBJC_ISA_USAGE = YES_ERROR;
				CLANG_WARN_DOCUMENTATION_COMMENTS = YES;
				CLANG_WARN_EMPTY_BODY = YES;
				CLANG_WARN_ENUM_CONVERSION = YES;
				CLANG_WARN_INFINITE_RECURSION = YES;
				CLANG_WARN_INT_CONVERSION = YES;
				CLANG_WARN_NON_LITERAL_NULL_CONVERSION = YES;
				CLANG_WARN_OBJC_IMPLICIT_RETAIN_SELF = YES;
				CLANG_WARN_OBJC_LITERAL_CONVERSION = YES;
				CLANG_WARN_OBJC_ROOT_CLASS = YES_ERROR;
				CLANG_WARN_QUOTED_INCLUDE_IN_FRAMEWORK_HEADER = YES;
				CLANG_WARN_RANGE_LOOP_ANALYSIS = YES;
				CLANG_WARN_STRICT_PROTOTYPES = YES;
				CLANG_WARN_SUSPICIOUS_MOVE = YES;
				CLANG_WARN_UNGUARDED_AVAILABILITY = YES_AGGRESSIVE;
				CLANG_WARN_UNREACHABLE_CODE = YES;
				CLANG_WARN__DUPLICATE_METHOD_MATCH = YES;
				COPY_PHASE_STRIP = NO;
				DEBUG_INFORMATION_FORMAT = "dwarf-with-dsym";
				ENABLE_NS_ASSERTIONS = NO;
				ENABLE_STRICT_OBJC_MSGSEND = YES;
				GCC_C_LANGUAGE_STANDARD = gnu11;
				GCC_NO_COMMON_BLOCKS = YES;
				GCC_WARN_64_TO_32_BIT_CONVERSION = YES;
				GCC_WARN_ABOUT_RETURN_TYPE = YES_ERROR;
				GCC_WARN_UNDECLARED_SELECTOR = YES;
				GCC_WARN_UNINITIALIZED_AUTOS = YES_AGGRESSIVE;
				GCC_WARN_UNUSED_FUNCTION = YES;
				GCC_WARN_UNUSED_VARIABLE = YES;
				MTL_ENABLE_DEBUG_INFO = NO;
				MTL_FAST_MATH = YES;
				SWIFT_COMPILATION_MODE = wholemodule;
				SWIFT_OPTIMIZATION_LEVEL = "-O";
			};
			name = Release;
		};
		01213E912D4B16DA00BA8C8E /* Debug */ = {
			isa = XCBuildConfiguration;
			buildSettings = {
				ASSETCATALOG_COMPILER_APPICON_NAME = AppIcon;
				ASSETCATALOG_COMPILER_GLOBAL_ACCENT_COLOR_NAME = AccentColor;
				CLANG_ENABLE_MODULES = YES;
				CODE_SIGN_STYLE = Automatic;
				CURRENT_PROJECT_VERSION = 1;
				DEVELOPMENT_TEAM = G7P9VJ6Z5D;
				ENABLE_PREVIEWS = YES;
				GENERATE_INFOPLIST_FILE = YES;
				INFOPLIST_KEY_UIApplicationSceneManifest_Generation = YES;
				INFOPLIST_KEY_UIApplicationSupportsIndirectInputEvents = YES;
				INFOPLIST_KEY_UILaunchScreen_Generation = YES;
				INFOPLIST_KEY_UISupportedInterfaceOrientations_iPad = "UIInterfaceOrientationPortrait UIInterfaceOrientationPortraitUpsideDown UIInterfaceOrientationLandscapeLeft UIInterfaceOrientationLandscapeRight";
				INFOPLIST_KEY_UISupportedInterfaceOrientations_iPhone = "UIInterfaceOrientationPortrait UIInterfaceOrientationLandscapeLeft UIInterfaceOrientationLandscapeRight";
				IPHONEOS_DEPLOYMENT_TARGET = 15.5;
				LD_RUNPATH_SEARCH_PATHS = (
					"$(inherited)",
					"@executable_path/Frameworks",
				);
				MARKETING_VERSION = 1.0;
				PRODUCT_BUNDLE_IDENTIFIER = com.mid.lasallesnacks;
				PRODUCT_NAME = lasallesnacks;
				SDKROOT = iphoneos;
				SWIFT_EMIT_LOC_STRINGS = YES;
				SWIFT_OBJC_BRIDGING_HEADER = "Shared/lasallesnacks (iOS)-Bridging-Header.h";
				SWIFT_OPTIMIZATION_LEVEL = "-Onone";
				SWIFT_VERSION = 5.0;
				TARGETED_DEVICE_FAMILY = "1,2";
			};
			name = Debug;
		};
		01213E922D4B16DA00BA8C8E /* Release */ = {
			isa = XCBuildConfiguration;
			buildSettings = {
				ASSETCATALOG_COMPILER_APPICON_NAME = AppIcon;
				ASSETCATALOG_COMPILER_GLOBAL_ACCENT_COLOR_NAME = AccentColor;
				CLANG_ENABLE_MODULES = YES;
				CODE_SIGN_STYLE = Automatic;
				CURRENT_PROJECT_VERSION = 1;
				DEVELOPMENT_TEAM = G7P9VJ6Z5D;
				ENABLE_PREVIEWS = YES;
				GENERATE_INFOPLIST_FILE = YES;
				INFOPLIST_KEY_UIApplicationSceneManifest_Generation = YES;
				INFOPLIST_KEY_UIApplicationSupportsIndirectInputEvents = YES;
				INFOPLIST_KEY_UILaunchScreen_Generation = YES;
				INFOPLIST_KEY_UISupportedInterfaceOrientations_iPad = "UIInterfaceOrientationPortrait UIInterfaceOrientationPortraitUpsideDown UIInterfaceOrientationLandscapeLeft UIInterfaceOrientationLandscapeRight";
				INFOPLIST_KEY_UISupportedInterfaceOrientations_iPhone = "UIInterfaceOrientationPortrait UIInterfaceOrientationLandscapeLeft UIInterfaceOrientationLandscapeRight";
				IPHONEOS_DEPLOYMENT_TARGET = 15.5;
				LD_RUNPATH_SEARCH_PATHS = (
					"$(inherited)",
					"@executable_path/Frameworks",
				);
				MARKETING_VERSION = 1.0;
				PRODUCT_BUNDLE_IDENTIFIER = com.mid.lasallesnacks;
				PRODUCT_NAME = lasallesnacks;
				SDKROOT = iphoneos;
				SWIFT_EMIT_LOC_STRINGS = YES;
				SWIFT_OBJC_BRIDGING_HEADER = "Shared/lasallesnacks (iOS)-Bridging-Header.h";
				SWIFT_VERSION = 5.0;
				TARGETED_DEVICE_FAMILY = "1,2";
				VALIDATE_PRODUCT = YES;
			};
			name = Release;
		};
		01213E942D4B16DA00BA8C8E /* Debug */ = {
			isa = XCBuildConfiguration;
			buildSettings = {
				ASSETCATALOG_COMPILER_APPICON_NAME = AppIcon;
				ASSETCATALOG_COMPILER_GLOBAL_ACCENT_COLOR_NAME = AccentColor;
				CODE_SIGN_ENTITLEMENTS = macOS/macOS.entitlements;
				CODE_SIGN_STYLE = Automatic;
				COMBINE_HIDPI_IMAGES = YES;
				CURRENT_PROJECT_VERSION = 1;
				DEVELOPMENT_TEAM = G7P9VJ6Z5D;
				ENABLE_HARDENED_RUNTIME = YES;
				ENABLE_PREVIEWS = YES;
				GENERATE_INFOPLIST_FILE = YES;
				INFOPLIST_KEY_NSHumanReadableCopyright = "";
				LD_RUNPATH_SEARCH_PATHS = (
					"$(inherited)",
					"@executable_path/../Frameworks",
				);
				MACOSX_DEPLOYMENT_TARGET = 12.0;
				MARKETING_VERSION = 1.0;
				PRODUCT_BUNDLE_IDENTIFIER = com.mid.lasallesnacks;
				PRODUCT_NAME = lasallesnacks;
				SDKROOT = macosx;
				SWIFT_EMIT_LOC_STRINGS = YES;
				SWIFT_VERSION = 5.0;
			};
			name = Debug;
		};
		01213E952D4B16DA00BA8C8E /* Release */ = {
			isa = XCBuildConfiguration;
			buildSettings = {
				ASSETCATALOG_COMPILER_APPICON_NAME = AppIcon;
				ASSETCATALOG_COMPILER_GLOBAL_ACCENT_COLOR_NAME = AccentColor;
				CODE_SIGN_ENTITLEMENTS = macOS/macOS.entitlements;
				CODE_SIGN_STYLE = Automatic;
				COMBINE_HIDPI_IMAGES = YES;
				CURRENT_PROJECT_VERSION = 1;
				DEVELOPMENT_TEAM = G7P9VJ6Z5D;
				ENABLE_HARDENED_RUNTIME = YES;
				ENABLE_PREVIEWS = YES;
				GENERATE_INFOPLIST_FILE = YES;
				INFOPLIST_KEY_NSHumanReadableCopyright = "";
				LD_RUNPATH_SEARCH_PATHS = (
					"$(inherited)",
					"@executable_path/../Frameworks",
				);
				MACOSX_DEPLOYMENT_TARGET = 12.0;
				MARKETING_VERSION = 1.0;
				PRODUCT_BUNDLE_IDENTIFIER = com.mid.lasallesnacks;
				PRODUCT_NAME = lasallesnacks;
				SDKROOT = macosx;
				SWIFT_EMIT_LOC_STRINGS = YES;
				SWIFT_VERSION = 5.0;
			};
			name = Release;
		};
		01213E972D4B16DA00BA8C8E /* Debug */ = {
			isa = XCBuildConfiguration;
			buildSettings = {
				ALWAYS_EMBED_SWIFT_STANDARD_LIBRARIES = YES;
				CODE_SIGN_STYLE = Automatic;
				CURRENT_PROJECT_VERSION = 1;
				DEVELOPMENT_TEAM = G7P9VJ6Z5D;
				GENERATE_INFOPLIST_FILE = YES;
				IPHONEOS_DEPLOYMENT_TARGET = 15.5;
				MARKETING_VERSION = 1.0;
				PRODUCT_BUNDLE_IDENTIFIER = "com.mid.Tests-iOS";
				PRODUCT_NAME = "$(TARGET_NAME)";
				SDKROOT = iphoneos;
				SWIFT_EMIT_LOC_STRINGS = NO;
				SWIFT_VERSION = 5.0;
				TARGETED_DEVICE_FAMILY = "1,2";
				TEST_TARGET_NAME = "lasallesnacks (iOS)";
			};
			name = Debug;
		};
		01213E982D4B16DA00BA8C8E /* Release */ = {
			isa = XCBuildConfiguration;
			buildSettings = {
				ALWAYS_EMBED_SWIFT_STANDARD_LIBRARIES = YES;
				CODE_SIGN_STYLE = Automatic;
				CURRENT_PROJECT_VERSION = 1;
				DEVELOPMENT_TEAM = G7P9VJ6Z5D;
				GENERATE_INFOPLIST_FILE = YES;
				IPHONEOS_DEPLOYMENT_TARGET = 15.5;
				MARKETING_VERSION = 1.0;
				PRODUCT_BUNDLE_IDENTIFIER = "com.mid.Tests-iOS";
				PRODUCT_NAME = "$(TARGET_NAME)";
				SDKROOT = iphoneos;
				SWIFT_EMIT_LOC_STRINGS = NO;
				SWIFT_VERSION = 5.0;
				TARGETED_DEVICE_FAMILY = "1,2";
				TEST_TARGET_NAME = "lasallesnacks (iOS)";
				VALIDATE_PRODUCT = YES;
			};
			name = Release;
		};
		01213E9A2D4B16DA00BA8C8E /* Debug */ = {
			isa = XCBuildConfiguration;
			buildSettings = {
				CODE_SIGN_STYLE = Automatic;
				CURRENT_PROJECT_VERSION = 1;
				DEVELOPMENT_TEAM = G7P9VJ6Z5D;
				GENERATE_INFOPLIST_FILE = YES;
				MACOSX_DEPLOYMENT_TARGET = 12.0;
				MARKETING_VERSION = 1.0;
				PRODUCT_BUNDLE_IDENTIFIER = "com.mid.Tests-macOS";
				PRODUCT_NAME = "$(TARGET_NAME)";
				SDKROOT = macosx;
				SWIFT_EMIT_LOC_STRINGS = NO;
				SWIFT_VERSION = 5.0;
				TEST_TARGET_NAME = "lasallesnacks (macOS)";
			};
			name = Debug;
		};
		01213E9B2D4B16DA00BA8C8E /* Release */ = {
			isa = XCBuildConfiguration;
			buildSettings = {
				CODE_SIGN_STYLE = Automatic;
				CURRENT_PROJECT_VERSION = 1;
				DEVELOPMENT_TEAM = G7P9VJ6Z5D;
				GENERATE_INFOPLIST_FILE = YES;
				MACOSX_DEPLOYMENT_TARGET = 12.0;
				MARKETING_VERSION = 1.0;
				PRODUCT_BUNDLE_IDENTIFIER = "com.mid.Tests-macOS";
				PRODUCT_NAME = "$(TARGET_NAME)";
				SDKROOT = macosx;
				SWIFT_EMIT_LOC_STRINGS = NO;
				SWIFT_VERSION = 5.0;
				TEST_TARGET_NAME = "lasallesnacks (macOS)";
			};
			name = Release;
		};
/* End XCBuildConfiguration section */

/* Begin XCConfigurationList section */
		01213E572D4B16D800BA8C8E /* Build configuration list for PBXProject "lasallesnacks" */ = {
			isa = XCConfigurationList;
			buildConfigurations = (
				01213E8E2D4B16DA00BA8C8E /* Debug */,
				01213E8F2D4B16DA00BA8C8E /* Release */,
			);
			defaultConfigurationIsVisible = 0;
			defaultConfigurationName = Release;
		};
		01213E902D4B16DA00BA8C8E /* Build configuration list for PBXNativeTarget "lasallesnacks (iOS)" */ = {
			isa = XCConfigurationList;
			buildConfigurations = (
				01213E912D4B16DA00BA8C8E /* Debug */,
				01213E922D4B16DA00BA8C8E /* Release */,
			);
			defaultConfigurationIsVisible = 0;
			defaultConfigurationName = Release;
		};
		01213E932D4B16DA00BA8C8E /* Build configuration list for PBXNativeTarget "lasallesnacks (macOS)" */ = {
			isa = XCConfigurationList;
			buildConfigurations = (
				01213E942D4B16DA00BA8C8E /* Debug */,
				01213E952D4B16DA00BA8C8E /* Release */,
			);
			defaultConfigurationIsVisible = 0;
			defaultConfigurationName = Release;
		};
		01213E962D4B16DA00BA8C8E /* Build configuration list for PBXNativeTarget "Tests iOS" */ = {
			isa = XCConfigurationList;
			buildConfigurations = (
				01213E972D4B16DA00BA8C8E /* Debug */,
				01213E982D4B16DA00BA8C8E /* Release */,
			);
			defaultConfigurationIsVisible = 0;
			defaultConfigurationName = Release;
		};
		01213E992D4B16DA00BA8C8E /* Build configuration list for PBXNativeTarget "Tests macOS" */ = {
			isa = XCConfigurationList;
			buildConfigurations = (
				01213E9A2D4B16DA00BA8C8E /* Debug */,
				01213E9B2D4B16DA00BA8C8E /* Release */,
			);
			defaultConfigurationIsVisible = 0;
			defaultConfigurationName = Release;
		};
/* End XCConfigurationList section */

/* Begin XCVersionGroup section */
		01213E592D4B16D800BA8C8E /* lasallesnacks.xcdatamodeld */ = {
			isa = XCVersionGroup;
			children = (
				01213E5A2D4B16D800BA8C8E /* Shared.xcdatamodel */,
			);
			currentVersion = 01213E5A2D4B16D800BA8C8E /* Shared.xcdatamodel */;
			path = lasallesnacks.xcdatamodeld;
			sourceTree = "<group>";
			versionGroupType = wrapper.xcdatamodel;
		};
/* End XCVersionGroup section */
	};
	rootObject = 01213E542D4B16D800BA8C8E /* Project object */;
}
